<?xml version="1.0" encoding="utf-8"?>
<Project ToolsVersion="4.0" xmlns="http://schemas.microsoft.com/developer/msbuild/2003">
  <ItemGroup>
    <ClCompile Include="MyPG.cpp">
      <Filter>MyPG</Filter>
    </ClCompile>
    <ClCompile Include="DG2014\DG2014_DGObject.cpp">
      <Filter>Lib\DG2014</Filter>
    </ClCompile>
    <ClCompile Include="DG2014\DG2014_Effect.cpp">
      <Filter>Lib\DG2014</Filter>
    </ClCompile>
    <ClCompile Include="DG2014\DG2014_Font.cpp">
      <Filter>Lib\DG2014</Filter>
    </ClCompile>
    <ClCompile Include="DG2014\DG2014_Image.cpp">
      <Filter>Lib\DG2014</Filter>
    </ClCompile>
    <ClCompile Include="DG2014\DG2014_IndexBuffer.cpp">
      <Filter>Lib\DG2014</Filter>
    </ClCompile>
    <ClCompile Include="DG2014\DG2014_InputLayout.cpp">
      <Filter>Lib\DG2014</Filter>
    </ClCompile>
    <ClCompile Include="DG2014\DG2014_Mesh.cpp">
      <Filter>Lib\DG2014</Filter>
    </ClCompile>
    <ClCompile Include="DG2014\DG2014_MeshSOBFile.cpp">
      <Filter>Lib\DG2014</Filter>
    </ClCompile>
    <ClCompile Include="DG2014\DG2014_Texture.cpp">
      <Filter>Lib\DG2014</Filter>
    </ClCompile>
    <ClCompile Include="DG2014\DG2014_Ver3_6.cpp">
      <Filter>Lib\DG2014</Filter>
    </ClCompile>
    <ClCompile Include="DG2014\DG2014_VertexBuffer.cpp">
      <Filter>Lib\DG2014</Filter>
    </ClCompile>
    <ClCompile Include="DG2014\DG2014_VertexContainer.cpp">
      <Filter>Lib\DG2014</Filter>
    </ClCompile>
    <ClCompile Include="Dm2008_Ver1_4.cpp">
      <Filter>Lib</Filter>
    </ClCompile>
    <ClCompile Include="myLib.cpp">
      <Filter>Lib</Filter>
    </ClCompile>
    <ClCompile Include="XI2018_Ver1_0.cpp">
      <Filter>Lib</Filter>
    </ClCompile>
    <ClCompile Include="WinMain.cpp">
      <Filter>MyPG</Filter>
    </ClCompile>
    <ClCompile Include="GameEngine_Ver3_83.cpp">
      <Filter>GameEngine</Filter>
    </ClCompile>
    <ClCompile Include="Task_Title.cpp">
      <Filter>MyPG\Task\Title</Filter>
    </ClCompile>
    <ClCompile Include="Task_Ending.cpp">
      <Filter>MyPG\Task\Ending</Filter>
    </ClCompile>
    <ClCompile Include="Task_GameBG.cpp">
      <Filter>MyPG\Task\Game</Filter>
    </ClCompile>
    <ClCompile Include="Task_Goal.cpp">
      <Filter>MyPG\Task\Game</Filter>
    </ClCompile>
    <ClCompile Include="Task_Map2D.cpp">
      <Filter>MyPG\Task\Game</Filter>
    </ClCompile>
    <ClCompile Include="Task_Player.cpp">
      <Filter>MyPG\Task\Game</Filter>
    </ClCompile>
    <ClCompile Include="Task_Game.cpp">
      <Filter>MyPG\Task\Game</Filter>
    </ClCompile>
    <ClCompile Include="Task_Shot00.cpp">
      <Filter>MyPG\Task\Game</Filter>
    </ClCompile>
    <ClCompile Include="Task_Sword.cpp">
      <Filter>MyPG\Task\Game</Filter>
    </ClCompile>
    <ClCompile Include="Task_Select.cpp">
      <Filter>MyPG\Task\Select</Filter>
    </ClCompile>
    <ClCompile Include="Task_Enemy01.cpp">
      <Filter>MyPG\Task\Game</Filter>
    </ClCompile>
    <ClCompile Include="Task_Enemy02.cpp">
      <Filter>MyPG\Task\Game</Filter>
    </ClCompile>
    <ClCompile Include="Task_Enemy03.cpp">
      <Filter>MyPG\Task\Game</Filter>
    </ClCompile>
    <ClCompile Include="Task_EnemyShot01.cpp">
      <Filter>MyPG\Task\Game</Filter>
    </ClCompile>
    <ClCompile Include="Task_Skill.cpp">
      <Filter>MyPG\Task\Game</Filter>
    </ClCompile>
    <ClCompile Include="Task_Axe.cpp">
      <Filter>MyPG\Task\Game</Filter>
    </ClCompile>
    <ClCompile Include="BChara.cpp">
      <Filter>MyPG\Task\Title</Filter>
    </ClCompile>
    <ClCompile Include="Task_Enemy04.cpp">
      <Filter>MyPG\Task\Game</Filter>
    </ClCompile>
    <ClCompile Include="Task_Enemy05.cpp">
      <Filter>MyPG\Task\Game</Filter>
    </ClCompile>
  </ItemGroup>
  <ItemGroup>
    <ClInclude Include="MyPG.h">
      <Filter>MyPG</Filter>
    </ClInclude>
    <ClInclude Include="BChara.h">
      <Filter>MyPG</Filter>
    </ClInclude>
    <ClInclude Include="DG2014\DG2014_DGObject.h">
      <Filter>Lib\DG2014</Filter>
    </ClInclude>
    <ClInclude Include="DG2014\DG2014_Effect.h">
      <Filter>Lib\DG2014</Filter>
    </ClInclude>
    <ClInclude Include="DG2014\DG2014_Font.h">
      <Filter>Lib\DG2014</Filter>
    </ClInclude>
    <ClInclude Include="DG2014\DG2014_Image.h">
      <Filter>Lib\DG2014</Filter>
    </ClInclude>
    <ClInclude Include="DG2014\DG2014_IndexBuffer.h">
      <Filter>Lib\DG2014</Filter>
    </ClInclude>
    <ClInclude Include="DG2014\DG2014_InputLayout.h">
      <Filter>Lib\DG2014</Filter>
    </ClInclude>
    <ClInclude Include="DG2014\DG2014_Mesh.h">
      <Filter>Lib\DG2014</Filter>
    </ClInclude>
    <ClInclude Include="DG2014\DG2014_Texture.h">
      <Filter>Lib\DG2014</Filter>
    </ClInclude>
    <ClInclude Include="DG2014\DG2014_Ver3_6.h">
      <Filter>Lib\DG2014</Filter>
    </ClInclude>
    <ClInclude Include="DG2014\DG2014_VertexBuffer.h">
      <Filter>Lib\DG2014</Filter>
    </ClInclude>
    <ClInclude Include="DG2014\DG2014_VertexContainer.h">
      <Filter>Lib\DG2014</Filter>
    </ClInclude>
    <ClInclude Include="Dm2008_Ver1_4.h">
      <Filter>Lib</Filter>
    </ClInclude>
    <ClInclude Include="myLib.h">
      <Filter>Lib</Filter>
    </ClInclude>
    <ClInclude Include="XI2018_Ver1_0.h">
      <Filter>Lib</Filter>
    </ClInclude>
    <ClInclude Include="GameEngine_Ver3_83.h">
      <Filter>GameEngine</Filter>
    </ClInclude>
    <ClInclude Include="Task_Title.h">
      <Filter>MyPG\Task\Title</Filter>
    </ClInclude>
    <ClInclude Include="Task_Ending.h">
      <Filter>MyPG\Task\Ending</Filter>
    </ClInclude>
    <ClInclude Include="Task_Game.h">
      <Filter>MyPG\Task\Game</Filter>
    </ClInclude>
    <ClInclude Include="Task_GameBG.h">
      <Filter>MyPG\Task\Game</Filter>
    </ClInclude>
    <ClInclude Include="Task_Goal.h">
      <Filter>MyPG\Task\Game</Filter>
    </ClInclude>
    <ClInclude Include="Task_Map2D.h">
      <Filter>MyPG\Task\Game</Filter>
    </ClInclude>
    <ClInclude Include="Task_Player.h">
      <Filter>MyPG\Task\Game</Filter>
    </ClInclude>
    <ClInclude Include="Task_Shot00.h">
      <Filter>MyPG\Task\Game</Filter>
    </ClInclude>
    <ClInclude Include="Task_Sword.h">
      <Filter>MyPG\Task\Game</Filter>
    </ClInclude>
    <ClInclude Include="Task_Select.h">
      <Filter>MyPG\Task\Select</Filter>
    </ClInclude>
    <ClInclude Include="Task_Enemy01.h">
      <Filter>MyPG\Task\Game</Filter>
    </ClInclude>
    <ClInclude Include="Task_Enemy02.h">
      <Filter>MyPG\Task\Game</Filter>
    </ClInclude>
    <ClInclude Include="Task_Enemy03.h">
      <Filter>MyPG\Task\Game</Filter>
    </ClInclude>
    <ClInclude Include="Task_EnemyShot01.h">
      <Filter>MyPG\Task\Game</Filter>
    </ClInclude>
    <ClInclude Include="Task_Skill.h">
      <Filter>MyPG\Task\Game</Filter>
    </ClInclude>
    <ClInclude Include="Task_Axe.h">
      <Filter>MyPG\Task\Game</Filter>
    </ClInclude>
    <ClInclude Include="Task_Enemy04.h">
      <Filter>MyPG\Task\Game</Filter>
    </ClInclude>
    <ClInclude Include="Task_Enemy05.h">
      <Filter>MyPG\Task\Game</Filter>
    </ClInclude>
  </ItemGroup>
  <ItemGroup>
    <Filter Include="MyPG">
      <UniqueIdentifier>{79cfce65-43f8-4a0d-b5b8-9684167220fa}</UniqueIdentifier>
    </Filter>
    <Filter Include="MyPG\Task">
      <UniqueIdentifier>{25b85a27-62e6-4a34-8602-0d48b52ece23}</UniqueIdentifier>
    </Filter>
    <Filter Include="Lib">
      <UniqueIdentifier>{394ba842-66ba-43f3-a329-af15d4bded54}</UniqueIdentifier>
    </Filter>
    <Filter Include="Lib\DG2014">
      <UniqueIdentifier>{fbafdd1a-a98f-4344-9abc-96a1184b8ba7}</UniqueIdentifier>
    </Filter>
    <Filter Include="GameEngine">
      <UniqueIdentifier>{4dde63e5-7ee2-4362-a574-8d8cd5cc0d05}</UniqueIdentifier>
    </Filter>
    <Filter Include="MyPG\Task\Title">
      <UniqueIdentifier>{0d5764b8-d015-4e44-9cff-33b3a2517825}</UniqueIdentifier>
    </Filter>
    <Filter Include="MyPG\Task\Ending">
      <UniqueIdentifier>{dc917e01-b942-478b-9fc2-5f9fcb5758b0}</UniqueIdentifier>
    </Filter>
    <Filter Include="MyPG\Task\Game">
      <UniqueIdentifier>{50bb9198-8860-40cc-9fe9-50ee3f208c6d}</UniqueIdentifier>
    </Filter>
    <Filter Include="MyPG\Task\Select">
      <UniqueIdentifier>{d6d3dea2-589c-4504-9547-ccc0c6650638}</UniqueIdentifier>
    </Filter>
  </ItemGroup>
</Project>