<?xml version="1.0" encoding="utf-8"?>
<Project ToolsVersion="4.0" xmlns="http://schemas.microsoft.com/developer/msbuild/2003">
  <ItemGroup>
    <ClCompile Include="GameEngine_Ver3_83.cpp">
      <Filter>GameEngine</Filter>
    </ClCompile>
    <ClCompile Include="Dm2008_Ver1_4.cpp">
      <Filter>Lib</Filter>
    </ClCompile>
    <ClCompile Include="XI2018_Ver1_0.cpp">
      <Filter>Lib</Filter>
    </ClCompile>
    <ClCompile Include="DG2014\DG2014_DGObject.cpp">
      <Filter>Lib\DG2014</Filter>
    </ClCompile>
    <ClCompile Include="DG2014\DG2014_Effect.cpp">
      <Filter>Lib\DG2014</Filter>
    </ClCompile>
    <ClCompile Include="DG2014\DG2014_Font.cpp">
      <Filter>Lib\DG2014</Filter>
    </ClCompile>
    <ClCompile Include="DG2014\DG2014_Image.cpp">
      <Filter>Lib\DG2014</Filter>
    </ClCompile>
    <ClCompile Include="DG2014\DG2014_IndexBuffer.cpp">
      <Filter>Lib\DG2014</Filter>
    </ClCompile>
    <ClCompile Include="DG2014\DG2014_InputLayout.cpp">
      <Filter>Lib\DG2014</Filter>
    </ClCompile>
    <ClCompile Include="DG2014\DG2014_Mesh.cpp">
      <Filter>Lib\DG2014</Filter>
    </ClCompile>
    <ClCompile Include="DG2014\DG2014_MeshSOBFile.cpp">
      <Filter>Lib\DG2014</Filter>
    </ClCompile>
    <ClCompile Include="DG2014\DG2014_Texture.cpp">
      <Filter>Lib\DG2014</Filter>
    </ClCompile>
    <ClCompile Include="DG2014\DG2014_Ver3_6.cpp">
      <Filter>Lib\DG2014</Filter>
    </ClCompile>
    <ClCompile Include="DG2014\DG2014_VertexBuffer.cpp">
      <Filter>Lib\DG2014</Filter>
    </ClCompile>
    <ClCompile Include="DG2014\DG2014_VertexContainer.cpp">
      <Filter>Lib\DG2014</Filter>
    </ClCompile>
    <ClCompile Include="BChara.cpp">
      <Filter>MyPG</Filter>
    </ClCompile>
    <ClCompile Include="myLib.cpp">
      <Filter>MyPG</Filter>
    </ClCompile>
    <ClCompile Include="MyPG.cpp">
      <Filter>MyPG</Filter>
    </ClCompile>
    <ClCompile Include="WinMain.cpp">
      <Filter>MyPG</Filter>
    </ClCompile>
    <ClCompile Include="Task_Ending.cpp">
      <Filter>MyPG\Ending</Filter>
    </ClCompile>
    <ClCompile Include="Task_Axe.cpp">
      <Filter>MyPG\Game\Player</Filter>
    </ClCompile>
    <ClCompile Include="Task_Enemy01.cpp">
      <Filter>MyPG\Game\Enemy</Filter>
    </ClCompile>
    <ClCompile Include="Task_Enemy02.cpp">
      <Filter>MyPG\Game\Enemy</Filter>
    </ClCompile>
    <ClCompile Include="Task_Enemy03.cpp">
      <Filter>MyPG\Game\Enemy</Filter>
    </ClCompile>
    <ClCompile Include="Task_Enemy04.cpp">
      <Filter>MyPG\Game\Enemy</Filter>
    </ClCompile>
    <ClCompile Include="Task_EnemyShot01.cpp">
      <Filter>MyPG\Game\Enemy</Filter>
    </ClCompile>
    <ClCompile Include="Task_Goal.cpp">
      <Filter>MyPG\Game\Map</Filter>
    </ClCompile>
    <ClCompile Include="Task_Goal5.cpp">
      <Filter>MyPG\Game\Map</Filter>
    </ClCompile>
    <ClCompile Include="Task_Goal6.cpp">
      <Filter>MyPG\Game\Map</Filter>
    </ClCompile>
    <ClCompile Include="Task_Goal7.cpp">
      <Filter>MyPG\Game\Map</Filter>
    </ClCompile>
    <ClCompile Include="Task_Goal8.cpp">
      <Filter>MyPG\Game\Map</Filter>
    </ClCompile>
    <ClCompile Include="Task_Goal9.cpp">
      <Filter>MyPG\Game\Map</Filter>
    </ClCompile>
    <ClCompile Include="Task_GoalMap2D.cpp">
      <Filter>MyPG\Game\Map</Filter>
    </ClCompile>
    <ClCompile Include="Task_Map2D.cpp">
      <Filter>MyPG\Game\Map</Filter>
    </ClCompile>
    <ClCompile Include="Task_Player.cpp">
      <Filter>MyPG\Game\Player</Filter>
    </ClCompile>
    <ClCompile Include="Task_Shot00.cpp">
      <Filter>MyPG\Game\Player</Filter>
    </ClCompile>
    <ClCompile Include="Task_Skill.cpp">
      <Filter>MyPG\Game\Player</Filter>
    </ClCompile>
    <ClCompile Include="Task_Sword.cpp">
      <Filter>MyPG\Game\Player</Filter>
    </ClCompile>
    <ClCompile Include="Task_Title.cpp">
      <Filter>MyPG\Title</Filter>
    </ClCompile>
    <ClCompile Include="Task_Game.cpp">
      <Filter>MyPG\Game</Filter>
    </ClCompile>
    <ClCompile Include="Task_UI.cpp">
      <Filter>MyPG\Game</Filter>
    </ClCompile>
    <ClCompile Include="BChara.cpp">
      <Filter>MyPG\Task\Title</Filter>
    </ClCompile>
    <ClCompile Include="Task_Enemy04.cpp">
      <Filter>MyPG\Task\Game</Filter>
    </ClCompile>
    <ClCompile Include="Task_CharaMap2D.cpp">
      <Filter>MyPG\Game\Map</Filter>
    </ClCompile>
    <ClCompile Include="Task_EnemyMap2D.cpp">
      <Filter>MyPG\Game\Map</Filter>
    </ClCompile>
    <ClCompile Include="Task_Enemy05.cpp">
      <Filter>MyPG\Game\Enemy</Filter>
    </ClCompile>
    <ClCompile Include="Task_Gun.cpp">
      <Filter>MyPG\Game\Player</Filter>
    </ClCompile>
    <ClCompile Include="Task_Slash.cpp">
      <Filter>MyPG\Game\Player</Filter>
      </ClCompile>
    <ClCompile Include="Task_Select.cpp">
      <Filter>MyPG\Select</Filter>
    </ClCompile>
    <ClCompile Include="randomLib.cpp">
      <Filter>MyPG</Filter>
    </ClCompile>
  </ItemGroup>
  <ItemGroup>
    <ClInclude Include="GameEngine_Ver3_83.h">
      <Filter>GameEngine</Filter>
    </ClInclude>
    <ClInclude Include="Dm2008_Ver1_4.h">
      <Filter>Lib</Filter>
    </ClInclude>
    <ClInclude Include="XI2018_Ver1_0.h">
      <Filter>Lib</Filter>
    </ClInclude>
    <ClInclude Include="DG2014\DG2014_DGObject.h">
      <Filter>Lib\DG2014</Filter>
    </ClInclude>
    <ClInclude Include="DG2014\DG2014_Effect.h">
      <Filter>Lib\DG2014</Filter>
    </ClInclude>
    <ClInclude Include="DG2014\DG2014_Font.h">
      <Filter>Lib\DG2014</Filter>
    </ClInclude>
    <ClInclude Include="DG2014\DG2014_Image.h">
      <Filter>Lib\DG2014</Filter>
    </ClInclude>
    <ClInclude Include="DG2014\DG2014_IndexBuffer.h">
      <Filter>Lib\DG2014</Filter>
    </ClInclude>
    <ClInclude Include="DG2014\DG2014_InputLayout.h">
      <Filter>Lib\DG2014</Filter>
    </ClInclude>
    <ClInclude Include="DG2014\DG2014_Mesh.h">
      <Filter>Lib\DG2014</Filter>
    </ClInclude>
    <ClInclude Include="DG2014\DG2014_Texture.h">
      <Filter>Lib\DG2014</Filter>
    </ClInclude>
    <ClInclude Include="DG2014\DG2014_Ver3_6.h">
      <Filter>Lib\DG2014</Filter>
    </ClInclude>
    <ClInclude Include="DG2014\DG2014_VertexBuffer.h">
      <Filter>Lib\DG2014</Filter>
    </ClInclude>
    <ClInclude Include="DG2014\DG2014_VertexContainer.h">
      <Filter>Lib\DG2014</Filter>
    </ClInclude>
    <ClInclude Include="BChara.h">
      <Filter>MyPG</Filter>
    </ClInclude>
    <ClInclude Include="myLib.h">
      <Filter>MyPG</Filter>
    </ClInclude>
    <ClInclude Include="MyPG.h">
      <Filter>MyPG</Filter>
    </ClInclude>
    <ClInclude Include="Task_Ending.h">
      <Filter>MyPG\Ending</Filter>
    </ClInclude>
    <ClInclude Include="Task_Axe.h">
      <Filter>MyPG\Game\Player</Filter>
    </ClInclude>
    <ClInclude Include="Task_Enemy01.h">
      <Filter>MyPG\Game\Enemy</Filter>
    </ClInclude>
    <ClInclude Include="Task_Enemy02.h">
      <Filter>MyPG\Game\Enemy</Filter>
    </ClInclude>
    <ClInclude Include="Task_Enemy03.h">
      <Filter>MyPG\Game\Enemy</Filter>
    </ClInclude>
    <ClInclude Include="Task_Enemy04.h">
      <Filter>MyPG\Game\Enemy</Filter>
    </ClInclude>
    <ClInclude Include="Task_EnemyShot01.h">
      <Filter>MyPG\Game\Enemy</Filter>
    </ClInclude>
    <ClInclude Include="Task_Goal.h">
      <Filter>MyPG\Game\Map</Filter>
    </ClInclude>
    <ClInclude Include="Task_Goal5.h">
      <Filter>MyPG\Game\Map</Filter>
    </ClInclude>
    <ClInclude Include="Task_Goal6.h">
      <Filter>MyPG\Game\Map</Filter>
    </ClInclude>
    <ClInclude Include="Task_Goal7.h">
      <Filter>MyPG\Game\Map</Filter>
    </ClInclude>
    <ClInclude Include="Task_Goal8.h">
      <Filter>MyPG\Game\Map</Filter>
    </ClInclude>
    <ClInclude Include="Task_Goal9.h">
      <Filter>MyPG\Game\Map</Filter>
    </ClInclude>
    <ClInclude Include="Task_GoalMap2D.h">
      <Filter>MyPG\Game\Map</Filter>
    </ClInclude>
    <ClInclude Include="Task_Map2D.h">
      <Filter>MyPG\Game\Map</Filter>
    </ClInclude>
    <ClInclude Include="Task_Player.h">
      <Filter>MyPG\Game\Player</Filter>
    </ClInclude>
    <ClInclude Include="Task_Shot00.h">
      <Filter>MyPG\Game\Player</Filter>
    </ClInclude>
    <ClInclude Include="Task_Skill.h">
      <Filter>MyPG\Game\Player</Filter>
    </ClInclude>
    <ClInclude Include="Task_Sword.h">
      <Filter>MyPG\Game\Player</Filter>
    </ClInclude>
    <ClInclude Include="Task_Title.h">
      <Filter>MyPG\Title</Filter>
    </ClInclude>
    <ClInclude Include="Task_Game.h">
      <Filter>MyPG\Game</Filter>
    </ClInclude>
    <ClInclude Include="Task_UI.h">
      <Filter>MyPG\Game</Filter>
    </ClInclude>
    <ClInclude Include="Task_Enemy04.h">
      <Filter>MyPG\Task\Game</Filter>
    </ClInclude>
    <ClInclude Include="Task_CharaMap2D.h">
      <Filter>MyPG\Game\Map</Filter>
    </ClInclude>
    <ClInclude Include="Task_EnemyMap2D.h">
      <Filter>MyPG\Game\Map</Filter>
    </ClInclude>
    <ClInclude Include="Task_Enemy05.h">
      <Filter>MyPG\Game\Enemy</Filter>
    </ClInclude>
    <ClInclude Include="Task_Gun.h">
      <Filter>MyPG\Game\Player</Filter>
    </ClInclude>
    <ClInclude Include="Task_Slash.h">
      <Filter>MyPG\Game\Player</Filter>
    <ClInclude Include="Task_Select.h">
      <Filter>MyPG\Select</Filter>
    </ClInclude>
    <ClInclude Include="randomLib.h">
      <Filter>MyPG</Filter>
    </ClInclude>
  </ItemGroup>
  <ItemGroup>
    <Filter Include="GameEngine">
      <UniqueIdentifier>{b9e6ce86-ecc2-4567-8ee4-f898c07b8b18}</UniqueIdentifier>
    </Filter>
    <Filter Include="Lib">
      <UniqueIdentifier>{83094678-0fd0-4e96-a340-f42394ca7014}</UniqueIdentifier>
    </Filter>
    <Filter Include="Lib\DG2014">
      <UniqueIdentifier>{b7bba568-940b-4bee-a46f-eb4bc4195d1b}</UniqueIdentifier>
    </Filter>
    <Filter Include="MyPG">
      <UniqueIdentifier>{589cde34-993c-439a-a0d8-96d9c12b730a}</UniqueIdentifier>
    </Filter>
    <Filter Include="MyPG\Ending">
      <UniqueIdentifier>{38c5c17c-4ad0-4eea-bee4-677abe038ec6}</UniqueIdentifier>
    </Filter>
    <Filter Include="MyPG\Title">
      <UniqueIdentifier>{ac5f2f93-b423-40cf-8eb5-3a1bd687abb6}</UniqueIdentifier>
    </Filter>
    <Filter Include="MyPG\Game">
      <UniqueIdentifier>{ab99da33-61a1-4789-b953-208cc93af4cf}</UniqueIdentifier>
    </Filter>
    <Filter Include="MyPG\Game\Enemy">
      <UniqueIdentifier>{20abbf50-a145-4d0a-a1ac-b701a9437930}</UniqueIdentifier>
    </Filter>
    <Filter Include="MyPG\Game\Map">
      <UniqueIdentifier>{8795d3e7-f33a-49ce-b2ca-695e16b0fa5c}</UniqueIdentifier>
    </Filter>
    <Filter Include="MyPG\Select">
      <UniqueIdentifier>{0318248a-32bf-46d4-a36f-7bb596d1f3da}</UniqueIdentifier>
    </Filter>
    <Filter Include="リソース ファイル">
      <UniqueIdentifier>{4e040d62-d7cf-4160-8831-fe5874ade75f}</UniqueIdentifier>
    </Filter>
    <Filter Include="MyPG\Game\Player">
      <UniqueIdentifier>{05c46dcc-c1b0-42be-9edc-857a3b2bc22a}</UniqueIdentifier>
    </Filter>
  </ItemGroup>
</Project>